
Microsoft Visual Studio Solution File, Format Version 12.00
# Visual Studio Version 16
VisualStudioVersion = 16.0.30114.105
MinimumVisualStudioVersion = 10.0.40219.1
Project("{FAE04EC0-301F-11D3-BF4B-00C04F79EFBC}") = "GmailContacts", "GmailContacts\GmailContacts.csproj", "{9296042C-A4EB-4D2C-ABF9-526ACB07053C}"
EndProject
Global
	GlobalSection(SolutionConfigurationPlatforms) = preSolution
		Debug|Any CPU = Debug|Any CPU
		Release|Any CPU = Release|Any CPU
	EndGlobalSection
	GlobalSection(ProjectConfigurationPlatforms) = postSolution
		{9296042C-A4EB-4D2C-ABF9-526ACB07053C}.Debug|Any CPU.ActiveCfg = Debug|Any CPU
		{9296042C-A4EB-4D2C-ABF9-526ACB07053C}.Debug|Any CPU.Build.0 = Debug|Any CPU
		{9296042C-A4EB-4D2C-ABF9-526ACB07053C}.Release|Any CPU.ActiveCfg = Release|Any CPU
		{9296042C-A4EB-4D2C-ABF9-526ACB07053C}.Release|Any CPU.Build.0 = Release|Any CPU
	EndGlobalSection
	GlobalSection(SolutionProperties) = preSolution
		HideSolutionNode = FALSE
	EndGlobalSection
	GlobalSection(ExtensibilityGlobals) = postSolution
		SolutionGuid = {42D09B1B-4BB9-4210-95AC-B384DE6E9538}
	EndGlobalSection
EndGlobal
